<?xml version="1.0" encoding="utf-8"?>
<Project ToolsVersion="4.0" xmlns="http://schemas.microsoft.com/developer/msbuild/2003">
  <ItemGroup>
    <Filter Include="Common">
      <UniqueIdentifier>72d1bbba-cfed-406f-a290-5be97fdd2f6d</UniqueIdentifier>
    </Filter>
    <Filter Include="Assets">
      <UniqueIdentifier>aa73da2b-2989-4cf0-93ed-7eafd995c55d</UniqueIdentifier>
      <Extensions>ico;cur;bmp;dds;dlg;fbx;rct;bin;rgs;gif;jpg;jpeg;jpe;resx;tga;tiff;tif;png;wav;mfcribbon-ms</Extensions>
    </Filter>
    <Filter Include="GameObject">
      <UniqueIdentifier>{f75d31f7-0d85-4950-a4e4-43183ac677f5}</UniqueIdentifier>
    </Filter>
    <Filter Include="Camera">
      <UniqueIdentifier>{4492b4ce-f564-42c5-ac8c-afae52ab0254}</UniqueIdentifier>
    </Filter>
  </ItemGroup>
  <ItemGroup>
    <ClInclude Include="pch.h" />
    <ClInclude Include="Game.h" />
    <ClInclude Include="StepTimer.h">
      <Filter>Common</Filter>
    </ClInclude>
    <ClInclude Include="DeviceResources.h">
      <Filter>Common</Filter>
    </ClInclude>
    <ClInclude Include="GameContext.h">
      <Filter>Common</Filter>
    </ClInclude>
    <ClInclude Include="ServiceLocator.h">
      <Filter>Common</Filter>
    </ClInclude>
    <ClInclude Include="GameObject.h">
      <Filter>GameObject</Filter>
    </ClInclude>
    <ClInclude Include="GameObjectManager.h">
      <Filter>GameObject</Filter>
    </ClInclude>
    <ClInclude Include="SpaceDome.h">
      <Filter>GameObject</Filter>
    </ClInclude>
    <ClInclude Include="SwordWeapon.h">
      <Filter>GameObject</Filter>
    </ClInclude>
    <ClInclude Include="GunWeapon.h">
      <Filter>GameObject</Filter>
    </ClInclude>
    <ClInclude Include="MainUnit.h">
      <Filter>GameObject</Filter>
    </ClInclude>
    <ClInclude Include="FollowCamera.h">
      <Filter>Camera</Filter>
    </ClInclude>
    <ClInclude Include="DebugCamera.h">
      <Filter>Camera</Filter>
    </ClInclude>
  </ItemGroup>
  <ItemGroup>
    <ClCompile Include="pch.cpp" />
    <ClCompile Include="Game.cpp" />
    <ClCompile Include="Main.cpp" />
    <ClCompile Include="DeviceResources.cpp">
      <Filter>Common</Filter>
    </ClCompile>
    <ClCompile Include="GameObject.cpp">
      <Filter>GameObject</Filter>
    </ClCompile>
    <ClCompile Include="GameObjectManager.cpp">
      <Filter>GameObject</Filter>
    </ClCompile>
    <ClCompile Include="SpaceDome.cpp">
      <Filter>GameObject</Filter>
    </ClCompile>
    <ClCompile Include="SwordWeapon.cpp">
      <Filter>GameObject</Filter>
    </ClCompile>
    <ClCompile Include="GunWeapon.cpp">
      <Filter>GameObject</Filter>
    </ClCompile>
    <ClCompile Include="MainUnit.cpp">
      <Filter>GameObject</Filter>
    </ClCompile>
    <ClCompile Include="FollowCamera.cpp">
      <Filter>Camera</Filter>
    </ClCompile>
    <ClCompile Include="DebugCamera.cpp">
      <Filter>Camera</Filter>
    </ClCompile>
  </ItemGroup>
  <ItemGroup>
    <ResourceCompile Include="resource.rc" />
  </ItemGroup>
  <ItemGroup>
    <Image Include="directx.ico">
      <Filter>Assets</Filter>
    </Image>
  </ItemGroup>
  <ItemGroup>
    <Manifest Include="settings.manifest">
      <Filter>Assets</Filter>
    </Manifest>
  </ItemGroup>
  <ItemGroup>
    <MeshContentTask Include="SpaceDome.FBX">
      <Filter>Assets</Filter>
    </MeshContentTask>
    <MeshContentTask Include="MainUnit.FBX">
      <Filter>Assets</Filter>
    </MeshContentTask>
    <MeshContentTask Include="SwordWeapon.FBX">
      <Filter>Assets</Filter>
    </MeshContentTask>
    <MeshContentTask Include="GunWeapon.FBX">
      <Filter>Assets</Filter>
    </MeshContentTask>
  </ItemGroup>
</Project>