<?xml version="1.0" encoding="utf-8"?>
<Project ToolsVersion="4.0" xmlns="http://schemas.microsoft.com/developer/msbuild/2003">
  <ItemGroup>
    <Filter Include="Common">
      <UniqueIdentifier>72d1bbba-cfed-406f-a290-5be97fdd2f6d</UniqueIdentifier>
    </Filter>
    <Filter Include="Assets">
      <UniqueIdentifier>aa73da2b-2989-4cf0-93ed-7eafd995c55d</UniqueIdentifier>
      <Extensions>ico;cur;bmp;dds;dlg;fbx;rct;bin;rgs;gif;jpg;jpeg;jpe;resx;tga;tiff;tif;png;wav;mfcribbon-ms</Extensions>
    </Filter>
    <Filter Include="Camera">
      <UniqueIdentifier>{4492b4ce-f564-42c5-ac8c-afae52ab0254}</UniqueIdentifier>
    </Filter>
    <Filter Include="Object">
      <UniqueIdentifier>{f75d31f7-0d85-4950-a4e4-43183ac677f5}</UniqueIdentifier>
    </Filter>
    <Filter Include="GameBase">
      <UniqueIdentifier>{680b1f05-a17a-444e-aecb-f0b814f34651}</UniqueIdentifier>
    </Filter>
    <Filter Include="Utility">
      <UniqueIdentifier>{53f09548-9be8-4598-abf4-d0cfcf4a5374}</UniqueIdentifier>
    </Filter>
  </ItemGroup>
  <ItemGroup>
    <ClInclude Include="GameSource\Camera\DebugCamera.h">
      <Filter>Camera</Filter>
    </ClInclude>
    <ClInclude Include="GameSource\Camera\FollowCamera.h">
      <Filter>Camera</Filter>
    </ClInclude>
    <ClInclude Include="Common\DeviceResources.h">
      <Filter>Common</Filter>
    </ClInclude>
    <ClInclude Include="GameBase\Game.h">
      <Filter>GameBase</Filter>
    </ClInclude>
    <ClInclude Include="Utility\DebugFont.h">
      <Filter>Utility</Filter>
    </ClInclude>
    <ClInclude Include="Utility\GameContext.h">
      <Filter>Utility</Filter>
    </ClInclude>
    <ClInclude Include="Utility\ServiceLocator.h">
      <Filter>Utility</Filter>
    </ClInclude>
    <ClInclude Include="Utility\Utilities.h">
      <Filter>Utility</Filter>
    </ClInclude>
    <ClInclude Include="GameSource\Object\ArtilleryShell.h">
      <Filter>Object</Filter>
    </ClInclude>
    <ClInclude Include="GameSource\Object\Enemy.h">
      <Filter>Object</Filter>
    </ClInclude>
    <ClInclude Include="GameSource\Object\GameObject.h">
      <Filter>Object</Filter>
    </ClInclude>
    <ClInclude Include="GameSource\Object\GameObjectManager.h">
      <Filter>Object</Filter>
    </ClInclude>
    <ClInclude Include="GameSource\Object\GunWeapon.h">
      <Filter>Object</Filter>
    </ClInclude>
    <ClInclude Include="GameSource\Object\MainUnit.h">
      <Filter>Object</Filter>
    </ClInclude>
    <ClInclude Include="GameSource\Object\SpaceDome.h">
      <Filter>Object</Filter>
    </ClInclude>
    <ClInclude Include="GameSource\Object\SwordWeapon.h">
      <Filter>Object</Filter>
    </ClInclude>
    <ClInclude Include="pch.h" />
    <ClInclude Include="Common\StepTimer.h">
      <Filter>Common</Filter>
    </ClInclude>
  </ItemGroup>
  <ItemGroup>
    <ClCompile Include="Main.cpp" />
    <ClCompile Include="GameSource\Camera\DebugCamera.cpp">
      <Filter>Camera</Filter>
    </ClCompile>
    <ClCompile Include="GameSource\Camera\FollowCamera.cpp">
      <Filter>Camera</Filter>
    </ClCompile>
    <ClCompile Include="Common\DeviceResources.cpp">
      <Filter>Common</Filter>
    </ClCompile>
    <ClCompile Include="GameBase\Game.cpp">
      <Filter>GameBase</Filter>
    </ClCompile>
    <ClCompile Include="Utility\DebugFont.cpp">
      <Filter>Utility</Filter>
    </ClCompile>
    <ClCompile Include="GameSource\Object\ArtilleryShell.cpp">
      <Filter>Object</Filter>
    </ClCompile>
    <ClCompile Include="GameSource\Object\Enemy.cpp">
      <Filter>Object</Filter>
    </ClCompile>
    <ClCompile Include="GameSource\Object\GameObject.cpp">
      <Filter>Object</Filter>
    </ClCompile>
    <ClCompile Include="GameSource\Object\GameObjectManager.cpp">
      <Filter>Object</Filter>
    </ClCompile>
    <ClCompile Include="GameSource\Object\GunWeapon.cpp">
      <Filter>Object</Filter>
    </ClCompile>
    <ClCompile Include="GameSource\Object\MainUnit.cpp">
      <Filter>Object</Filter>
    </ClCompile>
    <ClCompile Include="GameSource\Object\SpaceDome.cpp">
      <Filter>Object</Filter>
    </ClCompile>
    <ClCompile Include="GameSource\Object\SwordWeapon.cpp">
      <Filter>Object</Filter>
    </ClCompile>
    <ClCompile Include="pch.cpp" />
  </ItemGroup>
  <ItemGroup>
    <ResourceCompile Include="resource.rc" />
  </ItemGroup>
  <ItemGroup>
    <Image Include="directx.ico">
      <Filter>Assets</Filter>
    </Image>
  </ItemGroup>
  <ItemGroup>
    <Manifest Include="settings.manifest">
      <Filter>Assets</Filter>
    </Manifest>
  </ItemGroup>
  <ItemGroup>
    <MeshContentTask Include="SpaceDome.FBX">
      <Filter>Assets</Filter>
    </MeshContentTask>
    <MeshContentTask Include="SwordWeapon.FBX">
      <Filter>Assets</Filter>
    </MeshContentTask>
    <MeshContentTask Include="MainUnit.FBX">
      <Filter>Assets</Filter>
    </MeshContentTask>
    <MeshContentTask Include="GunWeapon.FBX">
      <Filter>Assets</Filter>
    </MeshContentTask>
  </ItemGroup>
</Project>